
Microsoft Visual Studio Solution File, Format Version 12.00
# Visual Studio Version 17
Project("{2150E333-8FDC-42A3-9474-1A3956D46DE8}") = "CMake", "CMake", "{5F71B37C-354A-3CD9-AD85-9C33107E1AD9}"
EndProject
Project("{2150E333-8FDC-42A3-9474-1A3956D46DE8}") = "SFML", "SFML", "{5F6C83CD-7FD6-3071-8F1C-5BE575B3DF83}"
EndProject
Project("{8BC9CEB8-8B4A-11D0-8D11-00A0C91BC942}") = "ALL_BUILD", "ALL_BUILD.vcxproj", "{99A01E55-F7D4-3753-9CE6-332E86156951}"
	ProjectSection(ProjectDependencies) = postProject
		{360492A4-541A-302E-8B72-C4D8633EAD57} = {360492A4-541A-302E-8B72-C4D8633EAD57}
		{B7C22A04-7898-3D95-9299-CDDEED90C114} = {B7C22A04-7898-3D95-9299-CDDEED90C114}
		{D91568ED-EF3A-391E-9DA6-1BC7CE6DFAA3} = {D91568ED-EF3A-391E-9DA6-1BC7CE6DFAA3}
		{01E903F5-D10F-35AF-A77F-0A3E9A2F9102} = {01E903F5-D10F-35AF-A77F-0A3E9A2F9102}
		{52D68891-E7A3-3A30-A6E0-DABAA55BE4DE} = {52D68891-E7A3-3A30-A6E0-DABAA55BE4DE}
		{CC41960F-BFB5-3284-8126-0FB732668BBA} = {CC41960F-BFB5-3284-8126-0FB732668BBA}
		{FCFC725A-FAA4-3D37-A170-32B6DADF2378} = {FCFC725A-FAA4-3D37-A170-32B6DADF2378}
	EndProjectSection
EndProject
Project("{8BC9CEB8-8B4A-11D0-8D11-00A0C91BC942}") = "INSTALL", "INSTALL.vcxproj", "{8FD54ACF-A02B-311E-8428-BC76095B76FD}"
	ProjectSection(ProjectDependencies) = postProject
		{99A01E55-F7D4-3753-9CE6-332E86156951} = {99A01E55-F7D4-3753-9CE6-332E86156951}
		{360492A4-541A-302E-8B72-C4D8633EAD57} = {360492A4-541A-302E-8B72-C4D8633EAD57}
	EndProjectSection
EndProject
Project("{8BC9CEB8-8B4A-11D0-8D11-00A0C91BC942}") = "PACKAGE", "PACKAGE.vcxproj", "{274739F9-65E6-3FA0-8647-05470717AA46}"
	ProjectSection(ProjectDependencies) = postProject
		{99A01E55-F7D4-3753-9CE6-332E86156951} = {99A01E55-F7D4-3753-9CE6-332E86156951}
		{360492A4-541A-302E-8B72-C4D8633EAD57} = {360492A4-541A-302E-8B72-C4D8633EAD57}
	EndProjectSection
EndProject
Project("{8BC9CEB8-8B4A-11D0-8D11-00A0C91BC942}") = "ZERO_CHECK", "..\..\..\..\\ZERO_CHECK.vcxproj", "{360492A4-541A-302E-8B72-C4D8633EAD57}"
	ProjectSection(ProjectDependencies) = postProject
	EndProjectSection
EndProject
Project("{8BC9CEB8-8B4A-11D0-8D11-00A0C91BC942}") = "sfml-audio", "src\SFML\Audio\sfml-audio.vcxproj", "{B7C22A04-7898-3D95-9299-CDDEED90C114}"
	ProjectSection(ProjectDependencies) = postProject
		{360492A4-541A-302E-8B72-C4D8633EAD57} = {360492A4-541A-302E-8B72-C4D8633EAD57}
		{CC41960F-BFB5-3284-8126-0FB732668BBA} = {CC41960F-BFB5-3284-8126-0FB732668BBA}
	EndProjectSection
EndProject
Project("{8BC9CEB8-8B4A-11D0-8D11-00A0C91BC942}") = "sfml-graphics", "src\SFML\Graphics\sfml-graphics.vcxproj", "{D91568ED-EF3A-391E-9DA6-1BC7CE6DFAA3}"
	ProjectSection(ProjectDependencies) = postProject
		{360492A4-541A-302E-8B72-C4D8633EAD57} = {360492A4-541A-302E-8B72-C4D8633EAD57}
		{CC41960F-BFB5-3284-8126-0FB732668BBA} = {CC41960F-BFB5-3284-8126-0FB732668BBA}
		{FCFC725A-FAA4-3D37-A170-32B6DADF2378} = {FCFC725A-FAA4-3D37-A170-32B6DADF2378}
	EndProjectSection
EndProject
Project("{8BC9CEB8-8B4A-11D0-8D11-00A0C91BC942}") = "sfml-main", "src\SFML\Main\sfml-main.vcxproj", "{01E903F5-D10F-35AF-A77F-0A3E9A2F9102}"
	ProjectSection(ProjectDependencies) = postProject
		{360492A4-541A-302E-8B72-C4D8633EAD57} = {360492A4-541A-302E-8B72-C4D8633EAD57}
	EndProjectSection
EndProject
Project("{8BC9CEB8-8B4A-11D0-8D11-00A0C91BC942}") = "sfml-network", "src\SFML\Network\sfml-network.vcxproj", "{52D68891-E7A3-3A30-A6E0-DABAA55BE4DE}"
	ProjectSection(ProjectDependencies) = postProject
		{360492A4-541A-302E-8B72-C4D8633EAD57} = {360492A4-541A-302E-8B72-C4D8633EAD57}
		{CC41960F-BFB5-3284-8126-0FB732668BBA} = {CC41960F-BFB5-3284-8126-0FB732668BBA}
	EndProjectSection
EndProject
Project("{8BC9CEB8-8B4A-11D0-8D11-00A0C91BC942}") = "sfml-system", "src\SFML\System\sfml-system.vcxproj", "{CC41960F-BFB5-3284-8126-0FB732668BBA}"
	ProjectSection(ProjectDependencies) = postProject
		{360492A4-541A-302E-8B72-C4D8633EAD57} = {360492A4-541A-302E-8B72-C4D8633EAD57}
	EndProjectSection
EndProject
Project("{8BC9CEB8-8B4A-11D0-8D11-00A0C91BC942}") = "sfml-window", "src\SFML\Window\sfml-window.vcxproj", "{FCFC725A-FAA4-3D37-A170-32B6DADF2378}"
	ProjectSection(ProjectDependencies) = postProject
		{360492A4-541A-302E-8B72-C4D8633EAD57} = {360492A4-541A-302E-8B72-C4D8633EAD57}
		{CC41960F-BFB5-3284-8126-0FB732668BBA} = {CC41960F-BFB5-3284-8126-0FB732668BBA}
	EndProjectSection
EndProject
Global
	GlobalSection(SolutionConfigurationPlatforms) = preSolution
		Debug|x64 = Debug|x64
		Release|x64 = Release|x64
		MinSizeRel|x64 = MinSizeRel|x64
		RelWithDebInfo|x64 = RelWithDebInfo|x64
	EndGlobalSection
	GlobalSection(ProjectConfigurationPlatforms) = postSolution
		{99A01E55-F7D4-3753-9CE6-332E86156951}.Debug|x64.ActiveCfg = Debug|x64
		{99A01E55-F7D4-3753-9CE6-332E86156951}.Debug|x64.Build.0 = Debug|x64
		{99A01E55-F7D4-3753-9CE6-332E86156951}.Release|x64.ActiveCfg = Release|x64
		{99A01E55-F7D4-3753-9CE6-332E86156951}.Release|x64.Build.0 = Release|x64
		{99A01E55-F7D4-3753-9CE6-332E86156951}.MinSizeRel|x64.ActiveCfg = MinSizeRel|x64
		{99A01E55-F7D4-3753-9CE6-332E86156951}.MinSizeRel|x64.Build.0 = MinSizeRel|x64
		{99A01E55-F7D4-3753-9CE6-332E86156951}.RelWithDebInfo|x64.ActiveCfg = RelWithDebInfo|x64
		{99A01E55-F7D4-3753-9CE6-332E86156951}.RelWithDebInfo|x64.Build.0 = RelWithDebInfo|x64
		{8FD54ACF-A02B-311E-8428-BC76095B76FD}.Debug|x64.ActiveCfg = Debug|x64
		{8FD54ACF-A02B-311E-8428-BC76095B76FD}.Release|x64.ActiveCfg = Release|x64
		{8FD54ACF-A02B-311E-8428-BC76095B76FD}.MinSizeRel|x64.ActiveCfg = MinSizeRel|x64
		{8FD54ACF-A02B-311E-8428-BC76095B76FD}.RelWithDebInfo|x64.ActiveCfg = RelWithDebInfo|x64
		{274739F9-65E6-3FA0-8647-05470717AA46}.Debug|x64.ActiveCfg = Debug|x64
		{274739F9-65E6-3FA0-8647-05470717AA46}.Release|x64.ActiveCfg = Release|x64
		{274739F9-65E6-3FA0-8647-05470717AA46}.MinSizeRel|x64.ActiveCfg = MinSizeRel|x64
		{274739F9-65E6-3FA0-8647-05470717AA46}.RelWithDebInfo|x64.ActiveCfg = RelWithDebInfo|x64
		{360492A4-541A-302E-8B72-C4D8633EAD57}.Debug|x64.ActiveCfg = Debug|x64
		{360492A4-541A-302E-8B72-C4D8633EAD57}.Debug|x64.Build.0 = Debug|x64
		{360492A4-541A-302E-8B72-C4D8633EAD57}.Release|x64.ActiveCfg = Release|x64
		{360492A4-541A-302E-8B72-C4D8633EAD57}.Release|x64.Build.0 = Release|x64
		{360492A4-541A-302E-8B72-C4D8633EAD57}.MinSizeRel|x64.ActiveCfg = MinSizeRel|x64
		{360492A4-541A-302E-8B72-C4D8633EAD57}.MinSizeRel|x64.Build.0 = MinSizeRel|x64
		{360492A4-541A-302E-8B72-C4D8633EAD57}.RelWithDebInfo|x64.ActiveCfg = RelWithDebInfo|x64
		{360492A4-541A-302E-8B72-C4D8633EAD57}.RelWithDebInfo|x64.Build.0 = RelWithDebInfo|x64
		{B7C22A04-7898-3D95-9299-CDDEED90C114}.Debug|x64.ActiveCfg = Debug|x64
		{B7C22A04-7898-3D95-9299-CDDEED90C114}.Debug|x64.Build.0 = Debug|x64
		{B7C22A04-7898-3D95-9299-CDDEED90C114}.Release|x64.ActiveCfg = Release|x64
		{B7C22A04-7898-3D95-9299-CDDEED90C114}.Release|x64.Build.0 = Release|x64
		{B7C22A04-7898-3D95-9299-CDDEED90C114}.MinSizeRel|x64.ActiveCfg = MinSizeRel|x64
		{B7C22A04-7898-3D95-9299-CDDEED90C114}.MinSizeRel|x64.Build.0 = MinSizeRel|x64
		{B7C22A04-7898-3D95-9299-CDDEED90C114}.RelWithDebInfo|x64.ActiveCfg = RelWithDebInfo|x64
		{B7C22A04-7898-3D95-9299-CDDEED90C114}.RelWithDebInfo|x64.Build.0 = RelWithDebInfo|x64
		{D91568ED-EF3A-391E-9DA6-1BC7CE6DFAA3}.Debug|x64.ActiveCfg = Debug|x64
		{D91568ED-EF3A-391E-9DA6-1BC7CE6DFAA3}.Debug|x64.Build.0 = Debug|x64
		{D91568ED-EF3A-391E-9DA6-1BC7CE6DFAA3}.Release|x64.ActiveCfg = Release|x64
		{D91568ED-EF3A-391E-9DA6-1BC7CE6DFAA3}.Release|x64.Build.0 = Release|x64
		{D91568ED-EF3A-391E-9DA6-1BC7CE6DFAA3}.MinSizeRel|x64.ActiveCfg = MinSizeRel|x64
		{D91568ED-EF3A-391E-9DA6-1BC7CE6DFAA3}.MinSizeRel|x64.Build.0 = MinSizeRel|x64
		{D91568ED-EF3A-391E-9DA6-1BC7CE6DFAA3}.RelWithDebInfo|x64.ActiveCfg = RelWithDebInfo|x64
		{D91568ED-EF3A-391E-9DA6-1BC7CE6DFAA3}.RelWithDebInfo|x64.Build.0 = RelWithDebInfo|x64
		{01E903F5-D10F-35AF-A77F-0A3E9A2F9102}.Debug|x64.ActiveCfg = Debug|x64
		{01E903F5-D10F-35AF-A77F-0A3E9A2F9102}.Debug|x64.Build.0 = Debug|x64
		{01E903F5-D10F-35AF-A77F-0A3E9A2F9102}.Release|x64.ActiveCfg = Release|x64
		{01E903F5-D10F-35AF-A77F-0A3E9A2F9102}.Release|x64.Build.0 = Release|x64
		{01E903F5-D10F-35AF-A77F-0A3E9A2F9102}.MinSizeRel|x64.ActiveCfg = MinSizeRel|x64
		{01E903F5-D10F-35AF-A77F-0A3E9A2F9102}.MinSizeRel|x64.Build.0 = MinSizeRel|x64
		{01E903F5-D10F-35AF-A77F-0A3E9A2F9102}.RelWithDebInfo|x64.ActiveCfg = RelWithDebInfo|x64
		{01E903F5-D10F-35AF-A77F-0A3E9A2F9102}.RelWithDebInfo|x64.Build.0 = RelWithDebInfo|x64
		{52D68891-E7A3-3A30-A6E0-DABAA55BE4DE}.Debug|x64.ActiveCfg = Debug|x64
		{52D68891-E7A3-3A30-A6E0-DABAA55BE4DE}.Debug|x64.Build.0 = Debug|x64
		{52D68891-E7A3-3A30-A6E0-DABAA55BE4DE}.Release|x64.ActiveCfg = Release|x64
		{52D68891-E7A3-3A30-A6E0-DABAA55BE4DE}.Release|x64.Build.0 = Release|x64
		{52D68891-E7A3-3A30-A6E0-DABAA55BE4DE}.MinSizeRel|x64.ActiveCfg = MinSizeRel|x64
		{52D68891-E7A3-3A30-A6E0-DABAA55BE4DE}.MinSizeRel|x64.Build.0 = MinSizeRel|x64
		{52D68891-E7A3-3A30-A6E0-DABAA55BE4DE}.RelWithDebInfo|x64.ActiveCfg = RelWithDebInfo|x64
		{52D68891-E7A3-3A30-A6E0-DABAA55BE4DE}.RelWithDebInfo|x64.Build.0 = RelWithDebInfo|x64
		{CC41960F-BFB5-3284-8126-0FB732668BBA}.Debug|x64.ActiveCfg = Debug|x64
		{CC41960F-BFB5-3284-8126-0FB732668BBA}.Debug|x64.Build.0 = Debug|x64
		{CC41960F-BFB5-3284-8126-0FB732668BBA}.Release|x64.ActiveCfg = Release|x64
		{CC41960F-BFB5-3284-8126-0FB732668BBA}.Release|x64.Build.0 = Release|x64
		{CC41960F-BFB5-3284-8126-0FB732668BBA}.MinSizeRel|x64.ActiveCfg = MinSizeRel|x64
		{CC41960F-BFB5-3284-8126-0FB732668BBA}.MinSizeRel|x64.Build.0 = MinSizeRel|x64
		{CC41960F-BFB5-3284-8126-0FB732668BBA}.RelWithDebInfo|x64.ActiveCfg = RelWithDebInfo|x64
		{CC41960F-BFB5-3284-8126-0FB732668BBA}.RelWithDebInfo|x64.Build.0 = RelWithDebInfo|x64
		{FCFC725A-FAA4-3D37-A170-32B6DADF2378}.Debug|x64.ActiveCfg = Debug|x64
		{FCFC725A-FAA4-3D37-A170-32B6DADF2378}.Debug|x64.Build.0 = Debug|x64
		{FCFC725A-FAA4-3D37-A170-32B6DADF2378}.Release|x64.ActiveCfg = Release|x64
		{FCFC725A-FAA4-3D37-A170-32B6DADF2378}.Release|x64.Build.0 = Release|x64
		{FCFC725A-FAA4-3D37-A170-32B6DADF2378}.MinSizeRel|x64.ActiveCfg = MinSizeRel|x64
		{FCFC725A-FAA4-3D37-A170-32B6DADF2378}.MinSizeRel|x64.Build.0 = MinSizeRel|x64
		{FCFC725A-FAA4-3D37-A170-32B6DADF2378}.RelWithDebInfo|x64.ActiveCfg = RelWithDebInfo|x64
		{FCFC725A-FAA4-3D37-A170-32B6DADF2378}.RelWithDebInfo|x64.Build.0 = RelWithDebInfo|x64
	EndGlobalSection
	GlobalSection(NestedProjects) = preSolution
		{99A01E55-F7D4-3753-9CE6-332E86156951} = {5F71B37C-354A-3CD9-AD85-9C33107E1AD9}
		{8FD54ACF-A02B-311E-8428-BC76095B76FD} = {5F71B37C-354A-3CD9-AD85-9C33107E1AD9}
		{274739F9-65E6-3FA0-8647-05470717AA46} = {5F71B37C-354A-3CD9-AD85-9C33107E1AD9}
		{360492A4-541A-302E-8B72-C4D8633EAD57} = {5F71B37C-354A-3CD9-AD85-9C33107E1AD9}
		{B7C22A04-7898-3D95-9299-CDDEED90C114} = {5F6C83CD-7FD6-3071-8F1C-5BE575B3DF83}
		{D91568ED-EF3A-391E-9DA6-1BC7CE6DFAA3} = {5F6C83CD-7FD6-3071-8F1C-5BE575B3DF83}
		{01E903F5-D10F-35AF-A77F-0A3E9A2F9102} = {5F6C83CD-7FD6-3071-8F1C-5BE575B3DF83}
		{52D68891-E7A3-3A30-A6E0-DABAA55BE4DE} = {5F6C83CD-7FD6-3071-8F1C-5BE575B3DF83}
		{CC41960F-BFB5-3284-8126-0FB732668BBA} = {5F6C83CD-7FD6-3071-8F1C-5BE575B3DF83}
		{FCFC725A-FAA4-3D37-A170-32B6DADF2378} = {5F6C83CD-7FD6-3071-8F1C-5BE575B3DF83}
	EndGlobalSection
	GlobalSection(ExtensibilityGlobals) = postSolution
		SolutionGuid = {C8DF94DE-EAC1-3681-9E06-67BB199B2803}
	EndGlobalSection
	GlobalSection(ExtensibilityAddIns) = postSolution
	EndGlobalSection
EndGlobal
