<?xml version="1.0" encoding="utf-8"?>
<Project ToolsVersion="17.0" xmlns="http://schemas.microsoft.com/developer/msbuild/2003">
  <ItemGroup>
    <ClCompile Include="C:\Users\iltwl\Documents\SparkEditor\extlibs\SparkEngine\src\SparkEngine\Engine.cpp">
      <Filter>Source Files</Filter>
    </ClCompile>
    <ClCompile Include="C:\Users\iltwl\Documents\SparkEditor\extlibs\SparkEngine\src\SparkEngine\ThreadPool.cpp">
      <Filter>Source Files</Filter>
    </ClCompile>
    <ClCompile Include="C:\Users\iltwl\Documents\SparkEditor\extlibs\SparkEngine\src\SparkEngine\Object.cpp">
      <Filter>Source Files</Filter>
    </ClCompile>
    <ClCompile Include="C:\Users\iltwl\Documents\SparkEditor\extlibs\SparkEngine\src\SparkEngine\World.cpp">
      <Filter>Source Files</Filter>
    </ClCompile>
    <ClCompile Include="C:\Users\iltwl\Documents\SparkEditor\extlibs\SparkEngine\src\SparkEngine\Level.cpp">
      <Filter>Source Files</Filter>
    </ClCompile>
  </ItemGroup>
  <ItemGroup>
    <ClInclude Include="C:\Users\iltwl\Documents\SparkEditor\extlibs\SparkEngine\include\SparkEngine\Engine.hpp">
      <Filter>Header Files</Filter>
    </ClInclude>
    <ClInclude Include="C:\Users\iltwl\Documents\SparkEditor\extlibs\SparkEngine\include\SparkEngine\ThreadPool.hpp">
      <Filter>Header Files</Filter>
    </ClInclude>
    <ClInclude Include="C:\Users\iltwl\Documents\SparkEditor\extlibs\SparkEngine\include\SparkEngine\Object.hpp">
      <Filter>Header Files</Filter>
    </ClInclude>
    <ClInclude Include="C:\Users\iltwl\Documents\SparkEditor\extlibs\SparkEngine\include\SparkEngine\World.hpp">
      <Filter>Header Files</Filter>
    </ClInclude>
    <ClInclude Include="C:\Users\iltwl\Documents\SparkEditor\extlibs\SparkEngine\include\SparkEngine\Level.hpp">
      <Filter>Header Files</Filter>
    </ClInclude>
  </ItemGroup>
  <ItemGroup>
    <CustomBuild Include="C:\Users\iltwl\Documents\SparkEditor\extlibs\SparkEngine\src\SparkEngine\CMakeLists.txt" />
  </ItemGroup>
  <ItemGroup>
    <Filter Include="Header Files">
      <UniqueIdentifier>{60AD7C18-637D-3186-9BD4-B7DF8722B443}</UniqueIdentifier>
    </Filter>
    <Filter Include="Source Files">
      <UniqueIdentifier>{87D334F2-B145-3F40-AFDA-74E9C7351F5D}</UniqueIdentifier>
    </Filter>
  </ItemGroup>
</Project>
